
Microsoft Visual Studio Solution File, Format Version 12.00
# Visual Studio Version 17
VisualStudioVersion = 17.1.32421.90
MinimumVisualStudioVersion = 10.0.40219.1
Project("{FAE04EC0-301F-11D3-BF4B-00C04F79EFBC}") = "OtoServisSatisWAPP", "OtoServisSatisWAPP\OtoServisSatisWAPP.csproj", "{C6752DB0-98B4-4A3E-A2C3-A98B04E157AD}"
EndProject
Project("{FAE04EC0-301F-11D3-BF4B-00C04F79EFBC}") = "OtoServisSatis.Entities", "OtoServisSatis.Entities\OtoServisSatis.Entities.csproj", "{211EF122-1396-4FAC-AD6D-573C51B8F619}"
EndProject
Global
	GlobalSection(SolutionConfigurationPlatforms) = preSolution
		Debug|Any CPU = Debug|Any CPU
		Release|Any CPU = Release|Any CPU
	EndGlobalSection
	GlobalSection(ProjectConfigurationPlatforms) = postSolution
		{C6752DB0-98B4-4A3E-A2C3-A98B04E157AD}.Debug|Any CPU.ActiveCfg = Debug|Any CPU
		{C6752DB0-98B4-4A3E-A2C3-A98B04E157AD}.Debug|Any CPU.Build.0 = Debug|Any CPU
		{C6752DB0-98B4-4A3E-A2C3-A98B04E157AD}.Release|Any CPU.ActiveCfg = Release|Any CPU
		{C6752DB0-98B4-4A3E-A2C3-A98B04E157AD}.Release|Any CPU.Build.0 = Release|Any CPU
		{211EF122-1396-4FAC-AD6D-573C51B8F619}.Debug|Any CPU.ActiveCfg = Debug|Any CPU
		{211EF122-1396-4FAC-AD6D-573C51B8F619}.Debug|Any CPU.Build.0 = Debug|Any CPU
		{211EF122-1396-4FAC-AD6D-573C51B8F619}.Release|Any CPU.ActiveCfg = Release|Any CPU
		{211EF122-1396-4FAC-AD6D-573C51B8F619}.Release|Any CPU.Build.0 = Release|Any CPU
	EndGlobalSection
	GlobalSection(SolutionProperties) = preSolution
		HideSolutionNode = FALSE
	EndGlobalSection
	GlobalSection(ExtensibilityGlobals) = postSolution
		SolutionGuid = {5185CC80-D4EC-4D2F-AC2E-5A88A6911CD7}
	EndGlobalSection
EndGlobal
